<?xml version="1.0" encoding="utf-8"?>
<Project ToolsVersion="4.0" xmlns="http://schemas.microsoft.com/developer/msbuild/2003">
  <ItemGroup>
    <Filter Include="Source Files">
      <UniqueIdentifier>{4FC737F1-C7A5-4376-A066-2A32D752A2FF}</UniqueIdentifier>
      <Extensions>cpp;c;cc;cxx;def;odl;idl;hpj;bat;asm;asmx</Extensions>
    </Filter>
    <Filter Include="Header Files">
      <UniqueIdentifier>{93995380-89BD-4b04-88EB-625FBE52EBFB}</UniqueIdentifier>
      <Extensions>h;hh;hpp;hxx;hm;inl;inc;ipp;xsd</Extensions>
    </Filter>
    <Filter Include="Resource Files">
      <UniqueIdentifier>{67DA6AB6-F800-4c08-8B7A-83BB121AAD01}</UniqueIdentifier>
      <Extensions>rc;ico;cur;bmp;dlg;rc2;rct;bin;rgs;gif;jpg;jpeg;jpe;resx;tiff;tif;png;wav;mfcribbon-ms</Extensions>
    </Filter>
    <Filter Include="Libraries">
      <UniqueIdentifier>{97c97c0f-fc4b-4dc9-89d1-667bc01654f9}</UniqueIdentifier>
    </Filter>
    <Filter Include="Resources">
      <UniqueIdentifier>{72bb6516-8b77-4ca5-b1e8-01de5f0689f4}</UniqueIdentifier>
    </Filter>
  </ItemGroup>
  <ItemGroup>
    <ClCompile Include="Map.cpp">
      <Filter>Source Files</Filter>
    </ClCompile>
    <ClCompile Include="Region.cpp">
      <Filter>Source Files</Filter>
    </ClCompile>
    <ClCompile Include="mapLoader.cpp">
      <Filter>Source Files</Filter>
    </ClCompile>
    <ClCompile Include="card.cpp">
      <Filter>Source Files</Filter>
    </ClCompile>
    <ClCompile Include="cardtest.cpp">
      <Filter>Source Files</Filter>
    </ClCompile>
    <ClCompile Include="deck.cpp">
      <Filter>Source Files</Filter>
    </ClCompile>
    <ClCompile Include="dice.cpp">
      <Filter>Source Files</Filter>
    </ClCompile>
    <ClCompile Include="diceRoller.cpp">
      <Filter>Source Files</Filter>
    </ClCompile>
    <ClCompile Include="gameCard.cpp">
      <Filter>Source Files</Filter>
    </ClCompile>
    <ClCompile Include="mapDriver.cpp">
      <Filter>Source Files</Filter>
    </ClCompile>
    <ClCompile Include="monsterCard.cpp">
      <Filter>Source Files</Filter>
    </ClCompile>
    <ClCompile Include="tokens.cpp">
      <Filter>Source Files</Filter>
    </ClCompile>
    <ClCompile Include="Main.cpp">
      <Filter>Source Files</Filter>
    </ClCompile>
    <ClCompile Include="unitTiles.cpp">
      <Filter>Source Files</Filter>
    </ClCompile>
    <ClCompile Include="player.cpp">
      <Filter>Source Files</Filter>
    </ClCompile>
    <ClCompile Include="playerDriver.cpp">
      <Filter>Source Files</Filter>
    </ClCompile>
    <ClCompile Include="E:\Desktop\New folder\diceTest.cpp">
      <Filter>Source Files</Filter>
    </ClCompile>
  </ItemGroup>
  <ItemGroup>
    <ClInclude Include="Region.h">
      <Filter>Header Files</Filter>
    </ClInclude>
    <ClInclude Include="Map.h">
      <Filter>Header Files</Filter>
    </ClInclude>
    <ClInclude Include="libraries\json.hpp">
      <Filter>Libraries</Filter>
    </ClInclude>
    <ClInclude Include="card.h">
      <Filter>Header Files</Filter>
    </ClInclude>
    <ClInclude Include="cardtest.h">
      <Filter>Header Files</Filter>
    </ClInclude>
    <ClInclude Include="cardTypes.h">
      <Filter>Header Files</Filter>
    </ClInclude>
    <ClInclude Include="deck.h">
      <Filter>Header Files</Filter>
    </ClInclude>
    <ClInclude Include="dice.h">
      <Filter>Header Files</Filter>
    </ClInclude>
    <ClInclude Include="diceRoller.h">
      <Filter>Header Files</Filter>
    </ClInclude>
    <ClInclude Include="gameCard.h">
      <Filter>Header Files</Filter>
    </ClInclude>
    <ClInclude Include="Maploader.h">
      <Filter>Header Files</Filter>
    </ClInclude>
    <ClInclude Include="monsterCard.h">
      <Filter>Header Files</Filter>
    </ClInclude>
    <ClInclude Include="tokens.h">
      <Filter>Header Files</Filter>
    </ClInclude>
    <ClInclude Include="unitTiles.h">
      <Filter>Header Files</Filter>
    </ClInclude>
    <ClInclude Include="mapDriver.h">
      <Filter>Header Files</Filter>
    </ClInclude>
    <ClInclude Include="player.h">
      <Filter>Header Files</Filter>
    </ClInclude>
    <ClInclude Include="playerDriver.h">
      <Filter>Header Files</Filter>
    </ClInclude>
    <ClInclude Include="diceTest.h">
      <Filter>Header Files</Filter>
    </ClInclude>
  </ItemGroup>
  <ItemGroup>
    <Text Include="resources\kony-special-card-list.json">
      <Filter>Resources</Filter>
    </Text>
    <Text Include="resources\kony-card-list.json">
      <Filter>Resources</Filter>
    </Text>
  </ItemGroup>
  <ItemGroup>
    <None Include="resources\kony-monster-card-list.json">
      <Filter>Resources</Filter>
    </None>
    <None Include="test1GameMap.map" />
    <None Include="test2Bidirectional.map" />
    <None Include="test3FullConnect.map" />
  </ItemGroup>
</Project>